// !$*UTF8*$!
{
	archiveVersion = 1;
	classes = {
	};
	objectVersion = 46;
	objects = {

/* Begin PBXBuildFile section */
		095D4C771A80C05F0000C5A9 /* AddToDoItemViewController.m in Sources */ = {isa = PBXBuildFile; fileRef = 095D4C761A80C05F0000C5A9 /* AddToDoItemViewController.m */; };
		095D4C801A80C24E0000C5A9 /* ToDoListTableViewController.m in Sources */ = {isa = PBXBuildFile; fileRef = 095D4C7F1A80C24E0000C5A9 /* ToDoListTableViewController.m */; };
		098FD80F1A84866C003CCE0F /* ToDoItem.m in Sources */ = {isa = PBXBuildFile; fileRef = 098FD80E1A84866C003CCE0F /* ToDoItem.m */; };
		09BE29771A6DE95F00D1CB52 /* main.m in Sources */ = {isa = PBXBuildFile; fileRef = 09BE29761A6DE95F00D1CB52 /* main.m */; };
		09BE297A1A6DE95F00D1CB52 /* AppDelegate.m in Sources */ = {isa = PBXBuildFile; fileRef = 09BE29791A6DE95F00D1CB52 /* AppDelegate.m */; };
		09BE297D1A6DE95F00D1CB52 /* ViewController.m in Sources */ = {isa = PBXBuildFile; fileRef = 09BE297C1A6DE95F00D1CB52 /* ViewController.m */; };
		09BE29801A6DE95F00D1CB52 /* Main.storyboard in Resources */ = {isa = PBXBuildFile; fileRef = 09BE297E1A6DE95F00D1CB52 /* Main.storyboard */; };
		09BE29821A6DE95F00D1CB52 /* Images.xcassets in Resources */ = {isa = PBXBuildFile; fileRef = 09BE29811A6DE95F00D1CB52 /* Images.xcassets */; };
		09BE29851A6DE95F00D1CB52 /* LaunchScreen.xib in Resources */ = {isa = PBXBuildFile; fileRef = 09BE29831A6DE95F00D1CB52 /* LaunchScreen.xib */; };
		09BE29911A6DE96000D1CB52 /* ToDoListTests.m in Sources */ = {isa = PBXBuildFile; fileRef = 09BE29901A6DE96000D1CB52 /* ToDoListTests.m */; };
/* End PBXBuildFile section */

/* Begin PBXContainerItemProxy section */
		09BE298B1A6DE96000D1CB52 /* PBXContainerItemProxy */ = {
			isa = PBXContainerItemProxy;
			containerPortal = 09BE29691A6DE95D00D1CB52 /* Project object */;
			proxyType = 1;
			remoteGlobalIDString = 09BE29701A6DE95E00D1CB52;
			remoteInfo = ToDoList;
		};
/* End PBXContainerItemProxy section */

/* Begin PBXFileReference section */
		095D4C751A80C05F0000C5A9 /* AddToDoItemViewController.h */ = {isa = PBXFileReference; fileEncoding = 4; lastKnownFileType = sourcecode.c.h; path = AddToDoItemViewController.h; sourceTree = "<group>"; };
		095D4C761A80C05F0000C5A9 /* AddToDoItemViewController.m */ = {isa = PBXFileReference; fileEncoding = 4; lastKnownFileType = sourcecode.c.objc; path = AddToDoItemViewController.m; sourceTree = "<group>"; };
		095D4C7E1A80C24E0000C5A9 /* ToDoListTableViewController.h */ = {isa = PBXFileReference; fileEncoding = 4; lastKnownFileType = sourcecode.c.h; path = ToDoListTableViewController.h; sourceTree = "<group>"; };
		095D4C7F1A80C24E0000C5A9 /* ToDoListTableViewController.m */ = {isa = PBXFileReference; fileEncoding = 4; lastKnownFileType = sourcecode.c.objc; path = ToDoListTableViewController.m; sourceTree = "<group>"; };
		098FD80D1A84866C003CCE0F /* ToDoItem.h */ = {isa = PBXFileReference; fileEncoding = 4; lastKnownFileType = sourcecode.c.h; path = ToDoItem.h; sourceTree = "<group>"; };
		098FD80E1A84866C003CCE0F /* ToDoItem.m */ = {isa = PBXFileReference; fileEncoding = 4; lastKnownFileType = sourcecode.c.objc; path = ToDoItem.m; sourceTree = "<group>"; };
		09BE29711A6DE95F00D1CB52 /* ToDoList.app */ = {isa = PBXFileReference; explicitFileType = wrapper.application; includeInIndex = 0; path = ToDoList.app; sourceTree = BUILT_PRODUCTS_DIR; };
		09BE29751A6DE95F00D1CB52 /* Info.plist */ = {isa = PBXFileReference; lastKnownFileType = text.plist.xml; path = Info.plist; sourceTree = "<group>"; };
		09BE29761A6DE95F00D1CB52 /* main.m */ = {isa = PBXFileReference; lastKnownFileType = sourcecode.c.objc; path = main.m; sourceTree = "<group>"; };
		09BE29781A6DE95F00D1CB52 /* AppDelegate.h */ = {isa = PBXFileReference; lastKnownFileType = sourcecode.c.h; path = AppDelegate.h; sourceTree = "<group>"; };
		09BE29791A6DE95F00D1CB52 /* AppDelegate.m */ = {isa = PBXFileReference; lastKnownFileType = sourcecode.c.objc; path = AppDelegate.m; sourceTree = "<group>"; };
		09BE297B1A6DE95F00D1CB52 /* ViewController.h */ = {isa = PBXFileReference; lastKnownFileType = sourcecode.c.h; path = ViewController.h; sourceTree = "<group>"; };
		09BE297C1A6DE95F00D1CB52 /* ViewController.m */ = {isa = PBXFileReference; lastKnownFileType = sourcecode.c.objc; path = ViewController.m; sourceTree = "<group>"; };
		09BE297F1A6DE95F00D1CB52 /* Base */ = {isa = PBXFileReference; lastKnownFileType = file.storyboard; name = Base; path = Base.lproj/Main.storyboard; sourceTree = "<group>"; };
		09BE29811A6DE95F00D1CB52 /* Images.xcassets */ = {isa = PBXFileReference; lastKnownFileType = folder.assetcatalog; path = Images.xcassets; sourceTree = "<group>"; };
		09BE29841A6DE95F00D1CB52 /* Base */ = {isa = PBXFileReference; lastKnownFileType = file.xib; name = Base; path = Base.lproj/LaunchScreen.xib; sourceTree = "<group>"; };
		09BE298A1A6DE96000D1CB52 /* ToDoListTests.xctest */ = {isa = PBXFileReference; explicitFileType = wrapper.cfbundle; includeInIndex = 0; path = ToDoListTests.xctest; sourceTree = BUILT_PRODUCTS_DIR; };
		09BE298F1A6DE96000D1CB52 /* Info.plist */ = {isa = PBXFileReference; lastKnownFileType = text.plist.xml; path = Info.plist; sourceTree = "<group>"; };
		09BE29901A6DE96000D1CB52 /* ToDoListTests.m */ = {isa = PBXFileReference; lastKnownFileType = sourcecode.c.objc; path = ToDoListTests.m; sourceTree = "<group>"; };
/* End PBXFileReference section */

/* Begin PBXFrameworksBuildPhase section */
		09BE296E1A6DE95E00D1CB52 /* Frameworks */ = {
			isa = PBXFrameworksBuildPhase;
			buildActionMask = 2147483647;
			files = (
			);
			runOnlyForDeploymentPostprocessing = 0;
		};
		09BE29871A6DE96000D1CB52 /* Frameworks */ = {
			isa = PBXFrameworksBuildPhase;
			buildActionMask = 2147483647;
			files = (
			);
			runOnlyForDeploymentPostprocessing = 0;
		};
/* End PBXFrameworksBuildPhase section */

/* Begin PBXGroup section */
		09BE29681A6DE95D00D1CB52 = {
			isa = PBXGroup;
			children = (
				09BE29731A6DE95F00D1CB52 /* ToDoList */,
				09BE298D1A6DE96000D1CB52 /* ToDoListTests */,
				09BE29721A6DE95F00D1CB52 /* Products */,
			);
			sourceTree = "<group>";
		};
		09BE29721A6DE95F00D1CB52 /* Products */ = {
			isa = PBXGroup;
			children = (
				09BE29711A6DE95F00D1CB52 /* ToDoList.app */,
				09BE298A1A6DE96000D1CB52 /* ToDoListTests.xctest */,
			);
			name = Products;
			sourceTree = "<group>";
		};
		09BE29731A6DE95F00D1CB52 /* ToDoList */ = {
			isa = PBXGroup;
			children = (
				09BE29781A6DE95F00D1CB52 /* AppDelegate.h */,
				09BE29791A6DE95F00D1CB52 /* AppDelegate.m */,
				09BE297B1A6DE95F00D1CB52 /* ViewController.h */,
				09BE297C1A6DE95F00D1CB52 /* ViewController.m */,
				09BE297E1A6DE95F00D1CB52 /* Main.storyboard */,
				098FD80D1A84866C003CCE0F /* ToDoItem.h */,
				098FD80E1A84866C003CCE0F /* ToDoItem.m */,
				095D4C751A80C05F0000C5A9 /* AddToDoItemViewController.h */,
				095D4C761A80C05F0000C5A9 /* AddToDoItemViewController.m */,
				09BE29811A6DE95F00D1CB52 /* Images.xcassets */,
				09BE29831A6DE95F00D1CB52 /* LaunchScreen.xib */,
				09BE29741A6DE95F00D1CB52 /* Supporting Files */,
				095D4C7E1A80C24E0000C5A9 /* ToDoListTableViewController.h */,
				095D4C7F1A80C24E0000C5A9 /* ToDoListTableViewController.m */,
			);
			path = ToDoList;
			sourceTree = "<group>";
		};
		09BE29741A6DE95F00D1CB52 /* Supporting Files */ = {
			isa = PBXGroup;
			children = (
				09BE29751A6DE95F00D1CB52 /* Info.plist */,
				09BE29761A6DE95F00D1CB52 /* main.m */,
			);
			name = "Supporting Files";
			sourceTree = "<group>";
		};
		09BE298D1A6DE96000D1CB52 /* ToDoListTests */ = {
			isa = PBXGroup;
			children = (
				09BE29901A6DE96000D1CB52 /* ToDoListTests.m */,
				09BE298E1A6DE96000D1CB52 /* Supporting Files */,
			);
			path = ToDoListTests;
			sourceTree = "<group>";
		};
		09BE298E1A6DE96000D1CB52 /* Supporting Files */ = {
			isa = PBXGroup;
			children = (
				09BE298F1A6DE96000D1CB52 /* Info.plist */,
			);
			name = "Supporting Files";
			sourceTree = "<group>";
		};
/* End PBXGroup section */

/* Begin PBXNativeTarget section */
		09BE29701A6DE95E00D1CB52 /* ToDoList */ = {
			isa = PBXNativeTarget;
			buildConfigurationList = 09BE29941A6DE96000D1CB52 /* Build configuration list for PBXNativeTarget "ToDoList" */;
			buildPhases = (
				09BE296D1A6DE95E00D1CB52 /* Sources */,
				09BE296E1A6DE95E00D1CB52 /* Frameworks */,
				09BE296F1A6DE95E00D1CB52 /* Resources */,
			);
			buildRules = (
			);
			dependencies = (
			);
			name = ToDoList;
			productName = ToDoList;
			productReference = 09BE29711A6DE95F00D1CB52 /* ToDoList.app */;
			productType = "com.apple.product-type.application";
		};
		09BE29891A6DE96000D1CB52 /* ToDoListTests */ = {
			isa = PBXNativeTarget;
			buildConfigurationList = 09BE29971A6DE96000D1CB52 /* Build configuration list for PBXNativeTarget "ToDoListTests" */;
			buildPhases = (
				09BE29861A6DE96000D1CB52 /* Sources */,
				09BE29871A6DE96000D1CB52 /* Frameworks */,
				09BE29881A6DE96000D1CB52 /* Resources */,
			);
			buildRules = (
			);
			dependencies = (
				09BE298C1A6DE96000D1CB52 /* PBXTargetDependency */,
			);
			name = ToDoListTests;
			productName = ToDoListTests;
			productReference = 09BE298A1A6DE96000D1CB52 /* ToDoListTests.xctest */;
			productType = "com.apple.product-type.bundle.unit-test";
		};
/* End PBXNativeTarget section */

/* Begin PBXProject section */
		09BE29691A6DE95D00D1CB52 /* Project object */ = {
			isa = PBXProject;
			attributes = {
				LastUpgradeCheck = 0610;
				ORGANIZATIONNAME = "DJ Maguddayao";
				TargetAttributes = {
					09BE29701A6DE95E00D1CB52 = {
						CreatedOnToolsVersion = 6.1.1;
					};
					09BE29891A6DE96000D1CB52 = {
						CreatedOnToolsVersion = 6.1.1;
						TestTargetID = 09BE29701A6DE95E00D1CB52;
					};
				};
			};
			buildConfigurationList = 09BE296C1A6DE95D00D1CB52 /* Build configuration list for PBXProject "ToDoList" */;
			compatibilityVersion = "Xcode 3.2";
			developmentRegion = English;
			hasScannedForEncodings = 0;
			knownRegions = (
				en,
				Base,
			);
			mainGroup = 09BE29681A6DE95D00D1CB52;
			productRefGroup = 09BE29721A6DE95F00D1CB52 /* Products */;
			projectDirPath = "";
			projectRoot = "";
			targets = (
				09BE29701A6DE95E00D1CB52 /* ToDoList */,
				09BE29891A6DE96000D1CB52 /* ToDoListTests */,
			);
		};
/* End PBXProject section */

/* Begin PBXResourcesBuildPhase section */
		09BE296F1A6DE95E00D1CB52 /* Resources */ = {
			isa = PBXResourcesBuildPhase;
			buildActionMask = 2147483647;
			files = (
				09BE29801A6DE95F00D1CB52 /* Main.storyboard in Resources */,
				09BE29851A6DE95F00D1CB52 /* LaunchScreen.xib in Resources */,
				09BE29821A6DE95F00D1CB52 /* Images.xcassets in Resources */,
			);
			runOnlyForDeploymentPostprocessing = 0;
		};
		09BE29881A6DE96000D1CB52 /* Resources */ = {
			isa = PBXResourcesBuildPhase;
			buildActionMask = 2147483647;
			files = (
			);
			runOnlyForDeploymentPostprocessing = 0;
		};
/* End PBXResourcesBuildPhase section */

/* Begin PBXSourcesBuildPhase section */
		09BE296D1A6DE95E00D1CB52 /* Sources */ = {
			isa = PBXSourcesBuildPhase;
			buildActionMask = 2147483647;
			files = (
				098FD80F1A84866C003CCE0F /* ToDoItem.m in Sources */,
				09BE297D1A6DE95F00D1CB52 /* ViewController.m in Sources */,
				09BE297A1A6DE95F00D1CB52 /* AppDelegate.m in Sources */,
				09BE29771A6DE95F00D1CB52 /* main.m in Sources */,
				095D4C801A80C24E0000C5A9 /* ToDoListTableViewController.m in Sources */,
				095D4C771A80C05F0000C5A9 /* AddToDoItemViewController.m in Sources */,
			);
			runOnlyForDeploymentPostprocessing = 0;
		};
		09BE29861A6DE96000D1CB52 /* Sources */ = {
			isa = PBXSourcesBuildPhase;
			buildActionMask = 2147483647;
			files = (
				09BE29911A6DE96000D1CB52 /* ToDoListTests.m in Sources */,
			);
			runOnlyForDeploymentPostprocessing = 0;
		};
/* End PBXSourcesBuildPhase section */

/* Begin PBXTargetDependency section */
		09BE298C1A6DE96000D1CB52 /* PBXTargetDependency */ = {
			isa = PBXTargetDependency;
			target = 09BE29701A6DE95E00D1CB52 /* ToDoList */;
			targetProxy = 09BE298B1A6DE96000D1CB52 /* PBXContainerItemProxy */;
		};
/* End PBXTargetDependency section */

/* Begin PBXVariantGroup section */
		09BE297E1A6DE95F00D1CB52 /* Main.storyboard */ = {
			isa = PBXVariantGroup;
			children = (
				09BE297F1A6DE95F00D1CB52 /* Base */,
			);
			name = Main.storyboard;
			sourceTree = "<group>";
		};
		09BE29831A6DE95F00D1CB52 /* LaunchScreen.xib */ = {
			isa = PBXVariantGroup;
			children = (
				09BE29841A6DE95F00D1CB52 /* Base */,
			);
			name = LaunchScreen.xib;
			sourceTree = "<group>";
		};
/* End PBXVariantGroup section */

/* Begin XCBuildConfiguration section */
		09BE29921A6DE96000D1CB52 /* Debug */ = {
			isa = XCBuildConfiguration;
			buildSettings = {
				ALWAYS_SEARCH_USER_PATHS = NO;
				CLANG_CXX_LANGUAGE_STANDARD = "gnu++0x";
				CLANG_CXX_LIBRARY = "libc++";
				CLANG_ENABLE_MODULES = YES;
				CLANG_ENABLE_OBJC_ARC = YES;
				CLANG_WARN_BOOL_CONVERSION = YES;
				CLANG_WARN_CONSTANT_CONVERSION = YES;
				CLANG_WARN_DIRECT_OBJC_ISA_USAGE = YES_ERROR;
				CLANG_WARN_EMPTY_BODY = YES;
				CLANG_WARN_ENUM_CONVERSION = YES;
				CLANG_WARN_INT_CONVERSION = YES;
				CLANG_WARN_OBJC_ROOT_CLASS = YES_ERROR;
				CLANG_WARN_UNREACHABLE_CODE = YES;
				CLANG_WARN__DUPLICATE_METHOD_MATCH = YES;
				"CODE_SIGN_IDENTITY[sdk=iphoneos*]" = "iPhone Developer";
				COPY_PHASE_STRIP = NO;
				ENABLE_STRICT_OBJC_MSGSEND = YES;
				GCC_C_LANGUAGE_STANDARD = gnu99;
				GCC_DYNAMIC_NO_PIC = NO;
				GCC_OPTIMIZATION_LEVEL = 0;
				GCC_PREPROCESSOR_DEFINITIONS = (
					"DEBUG=1",
					"$(inherited)",
				);
				GCC_SYMBOLS_PRIVATE_EXTERN = NO;
				GCC_WARN_64_TO_32_BIT_CONVERSION = YES;
				GCC_WARN_ABOUT_RETURN_TYPE = YES_ERROR;
				GCC_WARN_UNDECLARED_SELECTOR = YES;
				GCC_WARN_UNINITIALIZED_AUTOS = YES_AGGRESSIVE;
				GCC_WARN_UNUSED_FUNCTION = YES;
				GCC_WARN_UNUSED_VARIABLE = YES;
				IPHONEOS_DEPLOYMENT_TARGET = 8.1;
				MTL_ENABLE_DEBUG_INFO = YES;
				ONLY_ACTIVE_ARCH = YES;
				SDKROOT = iphoneos;
				TARGETED_DEVICE_FAMILY = "1,2";
			};
			name = Debug;
		};
		09BE29931A6DE96000D1CB52 /* Release */ = {
			isa = XCBuildConfiguration;
			buildSettings = {
				ALWAYS_SEARCH_USER_PATHS = NO;
				CLANG_CXX_LANGUAGE_STANDARD = "gnu++0x";
				CLANG_CXX_LIBRARY = "libc++";
				CLANG_ENABLE_MODULES = YES;
				CLANG_ENABLE_OBJC_ARC = YES;
				CLANG_WARN_BOOL_CONVERSION = YES;
				CLANG_WARN_CONSTANT_CONVERSION = YES;
				CLANG_WARN_DIRECT_OBJC_ISA_USAGE = YES_ERROR;
				CLANG_WARN_EMPTY_BODY = YES;
				CLANG_WARN_ENUM_CONVERSION = YES;
				CLANG_WARN_INT_CONVERSION = YES;
				CLANG_WARN_OBJC_ROOT_CLASS = YES_ERROR;
				CLANG_WARN_UNREACHABLE_CODE = YES;
				CLANG_WARN__DUPLICATE_METHOD_MATCH = YES;
				"CODE_SIGN_IDENTITY[sdk=iphoneos*]" = "iPhone Developer";
				COPY_PHASE_STRIP = YES;
				ENABLE_NS_ASSERTIONS = NO;
				ENABLE_STRICT_OBJC_MSGSEND = YES;
				GCC_C_LANGUAGE_STANDARD = gnu99;
				GCC_WARN_64_TO_32_BIT_CONVERSION = YES;
				GCC_WARN_ABOUT_RETURN_TYPE = YES_ERROR;
				GCC_WARN_UNDECLARED_SELECTOR = YES;
				GCC_WARN_UNINITIALIZED_AUTOS = YES_AGGRESSIVE;
				GCC_WARN_UNUSED_FUNCTION = YES;
				GCC_WARN_UNUSED_VARIABLE = YES;
				IPHONEOS_DEPLOYMENT_TARGET = 8.1;
				MTL_ENABLE_DEBUG_INFO = NO;
				SDKROOT = iphoneos;
				TARGETED_DEVICE_FAMILY = "1,2";
				VALIDATE_PRODUCT = YES;
			};
			name = Release;
		};
		09BE29951A6DE96000D1CB52 /* Debug */ = {
			isa = XCBuildConfiguration;
			buildSettings = {
				ASSETCATALOG_COMPILER_APPICON_NAME = AppIcon;
				INFOPLIST_FILE = ToDoList/Info.plist;
				LD_RUNPATH_SEARCH_PATHS = "$(inherited) @executable_path/Frameworks";
				PRODUCT_NAME = "$(TARGET_NAME)";
			};
			name = Debug;
		};
		09BE29961A6DE96000D1CB52 /* Release */ = {
			isa = XCBuildConfiguration;
			buildSettings = {
				ASSETCATALOG_COMPILER_APPICON_NAME = AppIcon;
				INFOPLIST_FILE = ToDoList/Info.plist;
				LD_RUNPATH_SEARCH_PATHS = "$(inherited) @executable_path/Frameworks";
				PRODUCT_NAME = "$(TARGET_NAME)";
			};
			name = Release;
		};
		09BE29981A6DE96000D1CB52 /* Debug */ = {
			isa = XCBuildConfiguration;
			buildSettings = {
				BUNDLE_LOADER = "$(TEST_HOST)";
				FRAMEWORK_SEARCH_PATHS = (
					"$(SDKROOT)/Developer/Library/Frameworks",
					"$(inherited)",
				);
				GCC_PREPROCESSOR_DEFINITIONS = (
					"DEBUG=1",
					"$(inherited)",
				);
				INFOPLIST_FILE = ToDoListTests/Info.plist;
				LD_RUNPATH_SEARCH_PATHS = "$(inherited) @executable_path/Frameworks @loader_path/Frameworks";
				PRODUCT_NAME = "$(TARGET_NAME)";
				TEST_HOST = "$(BUILT_PRODUCTS_DIR)/ToDoList.app/ToDoList";
			};
			name = Debug;
		};
		09BE29991A6DE96000D1CB52 /* Release */ = {
			isa = XCBuildConfiguration;
			buildSettings = {
				BUNDLE_LOADER = "$(TEST_HOST)";
				FRAMEWORK_SEARCH_PATHS = (
					"$(SDKROOT)/Developer/Library/Frameworks",
					"$(inherited)",
				);
				INFOPLIST_FILE = ToDoListTests/Info.plist;
				LD_RUNPATH_SEARCH_PATHS = "$(inherited) @executable_path/Frameworks @loader_path/Frameworks";
				PRODUCT_NAME = "$(TARGET_NAME)";
				TEST_HOST = "$(BUILT_PRODUCTS_DIR)/ToDoList.app/ToDoList";
			};
			name = Release;
		};
/* End XCBuildConfiguration section */

/* Begin XCConfigurationList section */
		09BE296C1A6DE95D00D1CB52 /* Build configuration list for PBXProject "ToDoList" */ = {
			isa = XCConfigurationList;
			buildConfigurations = (
				09BE29921A6DE96000D1CB52 /* Debug */,
				09BE29931A6DE96000D1CB52 /* Release */,
			);
			defaultConfigurationIsVisible = 0;
			defaultConfigurationName = Release;
		};
		09BE29941A6DE96000D1CB52 /* Build configuration list for PBXNativeTarget "ToDoList" */ = {
			isa = XCConfigurationList;
			buildConfigurations = (
				09BE29951A6DE96000D1CB52 /* Debug */,
				09BE29961A6DE96000D1CB52 /* Release */,
			);
			defaultConfigurationIsVisible = 0;
			defaultConfigurationName = Release;
		};
		09BE29971A6DE96000D1CB52 /* Build configuration list for PBXNativeTarget "ToDoListTests" */ = {
			isa = XCConfigurationList;
			buildConfigurations = (
				09BE29981A6DE96000D1CB52 /* Debug */,
				09BE29991A6DE96000D1CB52 /* Release */,
			);
			defaultConfigurationIsVisible = 0;
			defaultConfigurationName = Release;
		};
/* End XCConfigurationList section */
	};
	rootObject = 09BE29691A6DE95D00D1CB52 /* Project object */;
}
